// !$*UTF8*$!
{
	archiveVersion = 1;
	classes = {
	};
	objectVersion = 55;
	objects = {

/* Begin PBXBuildFile section */
		F20807202822AF7000CBBC63 /* Algorithms in Frameworks */ = {isa = PBXBuildFile; productRef = F208071F2822AF7000CBBC63 /* Algorithms */; };
		F20807222822BB2000CBBC63 /* Scheduler.swift in Sources */ = {isa = PBXBuildFile; fileRef = F20807212822BB2000CBBC63 /* Scheduler.swift */; };
		F20807242822BBC500CBBC63 /* App.swift in Sources */ = {isa = PBXBuildFile; fileRef = F20807232822BBC500CBBC63 /* App.swift */; };
		F20807262822BCC600CBBC63 /* DependencyBuilder.swift in Sources */ = {isa = PBXBuildFile; fileRef = F20807252822BCC600CBBC63 /* DependencyBuilder.swift */; };
		F23C230D282A40000053DBA8 /* LoopPreparer.swift in Sources */ = {isa = PBXBuildFile; fileRef = F23C230C282A40000053DBA8 /* LoopPreparer.swift */; };
		F23C230E282A40000053DBA8 /* LoopPreparer.swift in Sources */ = {isa = PBXBuildFile; fileRef = F23C230C282A40000053DBA8 /* LoopPreparer.swift */; };
		F25C5E95282BD13D0072C13A /* test_2.json in Resources */ = {isa = PBXBuildFile; fileRef = F25C5E94282BD13D0072C13A /* test_2.json */; };
		F2703EA4282027030016D96C /* main.swift in Sources */ = {isa = PBXBuildFile; fileRef = F2703EA3282027030016D96C /* main.swift */; };
		F2703EAB282027300016D96C /* Helpers.swift in Sources */ = {isa = PBXBuildFile; fileRef = F2703EAA282027300016D96C /* Helpers.swift */; };
		F2703EAD282028120016D96C /* Model.swift in Sources */ = {isa = PBXBuildFile; fileRef = F2703EAC282028120016D96C /* Model.swift */; };
		F294D8E22823AC3800916BFD /* Model.swift in Sources */ = {isa = PBXBuildFile; fileRef = F2703EAC282028120016D96C /* Model.swift */; };
		F294D8E32823AC8F00916BFD /* Helpers.swift in Sources */ = {isa = PBXBuildFile; fileRef = F2703EAA282027300016D96C /* Helpers.swift */; };
		F294D8E42823AC8F00916BFD /* App.swift in Sources */ = {isa = PBXBuildFile; fileRef = F20807232822BBC500CBBC63 /* App.swift */; };
		F294D8E52823AC8F00916BFD /* main.swift in Sources */ = {isa = PBXBuildFile; fileRef = F2703EA3282027030016D96C /* main.swift */; };
		F294D8E62823AC8F00916BFD /* DependencyBuilder.swift in Sources */ = {isa = PBXBuildFile; fileRef = F20807252822BCC600CBBC63 /* DependencyBuilder.swift */; };
		F294D8E92823AE1400916BFD /* Scheduler.swift in Sources */ = {isa = PBXBuildFile; fileRef = F20807212822BB2000CBBC63 /* Scheduler.swift */; };
		F294D8ED2823D4DC00916BFD /* RegisterAllocator.swift in Sources */ = {isa = PBXBuildFile; fileRef = F294D8EC2823D4DC00916BFD /* RegisterAllocator.swift */; };
		F294D8EE2823D4DC00916BFD /* RegisterAllocator.swift in Sources */ = {isa = PBXBuildFile; fileRef = F294D8EC2823D4DC00916BFD /* RegisterAllocator.swift */; };
		F2C207F02823A814000E5876 /* VLIW470UnitTests.swift in Sources */ = {isa = PBXBuildFile; fileRef = F2C207EF2823A814000E5876 /* VLIW470UnitTests.swift */; };
/* End PBXBuildFile section */

/* Begin PBXCopyFilesBuildPhase section */
		F2703E9E282027030016D96C /* CopyFiles */ = {
			isa = PBXCopyFilesBuildPhase;
			buildActionMask = 2147483647;
			dstPath = /usr/share/man/man1/;
			dstSubfolderSpec = 0;
			files = (
			);
			runOnlyForDeploymentPostprocessing = 1;
		};
/* End PBXCopyFilesBuildPhase section */

/* Begin PBXFileReference section */
		F20807212822BB2000CBBC63 /* Scheduler.swift */ = {isa = PBXFileReference; lastKnownFileType = sourcecode.swift; path = Scheduler.swift; sourceTree = "<group>"; };
		F20807232822BBC500CBBC63 /* App.swift */ = {isa = PBXFileReference; lastKnownFileType = sourcecode.swift; path = App.swift; sourceTree = "<group>"; };
		F20807252822BCC600CBBC63 /* DependencyBuilder.swift */ = {isa = PBXFileReference; lastKnownFileType = sourcecode.swift; path = DependencyBuilder.swift; sourceTree = "<group>"; };
		F23C230C282A40000053DBA8 /* LoopPreparer.swift */ = {isa = PBXFileReference; lastKnownFileType = sourcecode.swift; path = LoopPreparer.swift; sourceTree = "<group>"; };
		F25C5E94282BD13D0072C13A /* test_2.json */ = {isa = PBXFileReference; lastKnownFileType = text.json; path = test_2.json; sourceTree = "<group>"; };
		F2703EA0282027030016D96C /* VLIW470 */ = {isa = PBXFileReference; explicitFileType = "compiled.mach-o.executable"; includeInIndex = 0; path = VLIW470; sourceTree = BUILT_PRODUCTS_DIR; };
		F2703EA3282027030016D96C /* main.swift */ = {isa = PBXFileReference; lastKnownFileType = sourcecode.swift; path = main.swift; sourceTree = "<group>"; };
		F2703EAA282027300016D96C /* Helpers.swift */ = {isa = PBXFileReference; lastKnownFileType = sourcecode.swift; path = Helpers.swift; sourceTree = "<group>"; };
		F2703EAC282028120016D96C /* Model.swift */ = {isa = PBXFileReference; lastKnownFileType = sourcecode.swift; path = Model.swift; sourceTree = "<group>"; };
		F2703EAF282029730016D96C /* vliwsimple.json */ = {isa = PBXFileReference; lastKnownFileType = text.json; path = vliwsimple.json; sourceTree = "<group>"; };
		F2703EB0282029730016D96C /* handout.json */ = {isa = PBXFileReference; lastKnownFileType = text.json; path = handout.json; sourceTree = "<group>"; };
		F2703EB1282029730016D96C /* mem.json */ = {isa = PBXFileReference; lastKnownFileType = text.json; path = mem.json; sourceTree = "<group>"; };
		F2703EB2282029730016D96C /* visualize.html */ = {isa = PBXFileReference; lastKnownFileType = text.html; path = visualize.html; sourceTree = "<group>"; };
		F2703EB3282029730016D96C /* vliw470.py */ = {isa = PBXFileReference; lastKnownFileType = text.script.python; path = vliw470.py; sourceTree = "<group>"; };
		F2703EB4282029730016D96C /* vliw470.json */ = {isa = PBXFileReference; lastKnownFileType = text.json; path = vliw470.json; sourceTree = "<group>"; };
		F294D8EA2823AEBE00916BFD /* test.json */ = {isa = PBXFileReference; lastKnownFileType = text.json; path = test.json; sourceTree = "<group>"; };
		F294D8EB2823B35A00916BFD /* test2.json */ = {isa = PBXFileReference; lastKnownFileType = text.json; path = test2.json; sourceTree = "<group>"; };
		F294D8EC2823D4DC00916BFD /* RegisterAllocator.swift */ = {isa = PBXFileReference; lastKnownFileType = sourcecode.swift; path = RegisterAllocator.swift; sourceTree = "<group>"; };
		F2C207ED2823A814000E5876 /* VLIW470UnitTests.xctest */ = {isa = PBXFileReference; explicitFileType = wrapper.cfbundle; includeInIndex = 0; path = VLIW470UnitTests.xctest; sourceTree = BUILT_PRODUCTS_DIR; };
		F2C207EF2823A814000E5876 /* VLIW470UnitTests.swift */ = {isa = PBXFileReference; lastKnownFileType = sourcecode.swift; path = VLIW470UnitTests.swift; sourceTree = "<group>"; };
		F2FF9DC12825742D0036C13E /* test3.json */ = {isa = PBXFileReference; lastKnownFileType = text.json; path = test3.json; sourceTree = "<group>"; };
/* End PBXFileReference section */

/* Begin PBXFrameworksBuildPhase section */
		F2703E9D282027030016D96C /* Frameworks */ = {
			isa = PBXFrameworksBuildPhase;
			buildActionMask = 2147483647;
			files = (
				F20807202822AF7000CBBC63 /* Algorithms in Frameworks */,
			);
			runOnlyForDeploymentPostprocessing = 0;
		};
		F2C207EA2823A814000E5876 /* Frameworks */ = {
			isa = PBXFrameworksBuildPhase;
			buildActionMask = 2147483647;
			files = (
			);
			runOnlyForDeploymentPostprocessing = 0;
		};
/* End PBXFrameworksBuildPhase section */

/* Begin PBXGroup section */
		F2703E97282027020016D96C = {
			isa = PBXGroup;
			children = (
				F2703EA2282027030016D96C /* VLIW470 */,
				F2C207EE2823A814000E5876 /* VLIW470UnitTests */,
				F2703EA1282027030016D96C /* Products */,
			);
			sourceTree = "<group>";
		};
		F2703EA1282027030016D96C /* Products */ = {
			isa = PBXGroup;
			children = (
				F2703EA0282027030016D96C /* VLIW470 */,
				F2C207ED2823A814000E5876 /* VLIW470UnitTests.xctest */,
			);
			name = Products;
			sourceTree = "<group>";
		};
		F2703EA2282027030016D96C /* VLIW470 */ = {
			isa = PBXGroup;
			children = (
				F2703EAE282029670016D96C /* resources */,
				F2703EA3282027030016D96C /* main.swift */,
				F2703EAA282027300016D96C /* Helpers.swift */,
				F2703EAC282028120016D96C /* Model.swift */,
				F20807212822BB2000CBBC63 /* Scheduler.swift */,
				F20807232822BBC500CBBC63 /* App.swift */,
				F20807252822BCC600CBBC63 /* DependencyBuilder.swift */,
				F294D8EC2823D4DC00916BFD /* RegisterAllocator.swift */,
				F23C230C282A40000053DBA8 /* LoopPreparer.swift */,
			);
			path = VLIW470;
			sourceTree = "<group>";
		};
		F2703EAE282029670016D96C /* resources */ = {
			isa = PBXGroup;
			children = (
				F2703EB0282029730016D96C /* handout.json */,
				F2703EB1282029730016D96C /* mem.json */,
				F2703EB2282029730016D96C /* visualize.html */,
				F2703EB4282029730016D96C /* vliw470.json */,
				F2703EB3282029730016D96C /* vliw470.py */,
				F2703EAF282029730016D96C /* vliwsimple.json */,
				F294D8EA2823AEBE00916BFD /* test.json */,
				F294D8EB2823B35A00916BFD /* test2.json */,
				F2FF9DC12825742D0036C13E /* test3.json */,
				F25C5E94282BD13D0072C13A /* test_2.json */,
			);
			path = resources;
			sourceTree = "<group>";
		};
		F2C207EE2823A814000E5876 /* VLIW470UnitTests */ = {
			isa = PBXGroup;
			children = (
				F2C207EF2823A814000E5876 /* VLIW470UnitTests.swift */,
			);
			path = VLIW470UnitTests;
			sourceTree = "<group>";
		};
/* End PBXGroup section */

/* Begin PBXNativeTarget section */
		F2703E9F282027030016D96C /* VLIW470 */ = {
			isa = PBXNativeTarget;
			buildConfigurationList = F2703EA7282027030016D96C /* Build configuration list for PBXNativeTarget "VLIW470" */;
			buildPhases = (
				F2703E9C282027030016D96C /* Sources */,
				F2703E9D282027030016D96C /* Frameworks */,
				F2703E9E282027030016D96C /* CopyFiles */,
			);
			buildRules = (
			);
			dependencies = (
			);
			name = VLIW470;
			packageProductDependencies = (
				F208071F2822AF7000CBBC63 /* Algorithms */,
			);
			productName = VLIW470;
			productReference = F2703EA0282027030016D96C /* VLIW470 */;
			productType = "com.apple.product-type.tool";
		};
		F2C207EC2823A814000E5876 /* VLIW470UnitTests */ = {
			isa = PBXNativeTarget;
			buildConfigurationList = F2C207F12823A814000E5876 /* Build configuration list for PBXNativeTarget "VLIW470UnitTests" */;
			buildPhases = (
				F2C207E92823A814000E5876 /* Sources */,
				F2C207EA2823A814000E5876 /* Frameworks */,
				F2C207EB2823A814000E5876 /* Resources */,
			);
			buildRules = (
			);
			dependencies = (
			);
			name = VLIW470UnitTests;
			productName = VLIW470UnitTests;
			productReference = F2C207ED2823A814000E5876 /* VLIW470UnitTests.xctest */;
			productType = "com.apple.product-type.bundle.unit-test";
		};
/* End PBXNativeTarget section */

/* Begin PBXProject section */
		F2703E98282027020016D96C /* Project object */ = {
			isa = PBXProject;
			attributes = {
				BuildIndependentTargetsInParallel = 1;
				LastSwiftUpdateCheck = 1330;
				LastUpgradeCheck = 1330;
				TargetAttributes = {
					F2703E9F282027030016D96C = {
						CreatedOnToolsVersion = 13.3.1;
					};
					F2C207EC2823A814000E5876 = {
						CreatedOnToolsVersion = 13.3.1;
					};
				};
			};
			buildConfigurationList = F2703E9B282027020016D96C /* Build configuration list for PBXProject "VLIW470" */;
			compatibilityVersion = "Xcode 13.0";
			developmentRegion = en;
			hasScannedForEncodings = 0;
			knownRegions = (
				en,
				Base,
			);
			mainGroup = F2703E97282027020016D96C;
			packageReferences = (
				F208071E2822AF7000CBBC63 /* XCRemoteSwiftPackageReference "swift-algorithms" */,
			);
			productRefGroup = F2703EA1282027030016D96C /* Products */;
			projectDirPath = "";
			projectRoot = "";
			targets = (
				F2703E9F282027030016D96C /* VLIW470 */,
				F2C207EC2823A814000E5876 /* VLIW470UnitTests */,
			);
		};
/* End PBXProject section */

/* Begin PBXResourcesBuildPhase section */
		F2C207EB2823A814000E5876 /* Resources */ = {
			isa = PBXResourcesBuildPhase;
			buildActionMask = 2147483647;
			files = (
				F25C5E95282BD13D0072C13A /* test_2.json in Resources */,
			);
			runOnlyForDeploymentPostprocessing = 0;
		};
/* End PBXResourcesBuildPhase section */

/* Begin PBXSourcesBuildPhase section */
		F2703E9C282027030016D96C /* Sources */ = {
			isa = PBXSourcesBuildPhase;
			buildActionMask = 2147483647;
			files = (
				F23C230D282A40000053DBA8 /* LoopPreparer.swift in Sources */,
				F2703EAD282028120016D96C /* Model.swift in Sources */,
				F20807222822BB2000CBBC63 /* Scheduler.swift in Sources */,
				F20807262822BCC600CBBC63 /* DependencyBuilder.swift in Sources */,
				F2703EA4282027030016D96C /* main.swift in Sources */,
				F20807242822BBC500CBBC63 /* App.swift in Sources */,
				F294D8ED2823D4DC00916BFD /* RegisterAllocator.swift in Sources */,
				F2703EAB282027300016D96C /* Helpers.swift in Sources */,
			);
			runOnlyForDeploymentPostprocessing = 0;
		};
		F2C207E92823A814000E5876 /* Sources */ = {
			isa = PBXSourcesBuildPhase;
			buildActionMask = 2147483647;
			files = (
				F294D8EE2823D4DC00916BFD /* RegisterAllocator.swift in Sources */,
				F2C207F02823A814000E5876 /* VLIW470UnitTests.swift in Sources */,
				F294D8E92823AE1400916BFD /* Scheduler.swift in Sources */,
				F294D8E52823AC8F00916BFD /* main.swift in Sources */,
				F294D8E62823AC8F00916BFD /* DependencyBuilder.swift in Sources */,
				F23C230E282A40000053DBA8 /* LoopPreparer.swift in Sources */,
				F294D8E42823AC8F00916BFD /* App.swift in Sources */,
				F294D8E32823AC8F00916BFD /* Helpers.swift in Sources */,
				F294D8E22823AC3800916BFD /* Model.swift in Sources */,
			);
			runOnlyForDeploymentPostprocessing = 0;
		};
/* End PBXSourcesBuildPhase section */

/* Begin XCBuildConfiguration section */
		F2703EA5282027030016D96C /* Debug */ = {
			isa = XCBuildConfiguration;
			buildSettings = {
				ALWAYS_SEARCH_USER_PATHS = NO;
				CLANG_ANALYZER_NONNULL = YES;
				CLANG_ANALYZER_NUMBER_OBJECT_CONVERSION = YES_AGGRESSIVE;
				CLANG_CXX_LANGUAGE_STANDARD = "gnu++17";
				CLANG_ENABLE_MODULES = YES;
				CLANG_ENABLE_OBJC_ARC = YES;
				CLANG_ENABLE_OBJC_WEAK = YES;
				CLANG_WARN_BLOCK_CAPTURE_AUTORELEASING = YES;
				CLANG_WARN_BOOL_CONVERSION = YES;
				CLANG_WARN_COMMA = YES;
				CLANG_WARN_CONSTANT_CONVERSION = YES;
				CLANG_WARN_DEPRECATED_OBJC_IMPLEMENTATIONS = YES;
				CLANG_WARN_DIRECT_OBJC_ISA_USAGE = YES_ERROR;
				CLANG_WARN_DOCUMENTATION_COMMENTS = YES;
				CLANG_WARN_EMPTY_BODY = YES;
				CLANG_WARN_ENUM_CONVERSION = YES;
				CLANG_WARN_INFINITE_RECURSION = YES;
				CLANG_WARN_INT_CONVERSION = YES;
				CLANG_WARN_NON_LITERAL_NULL_CONVERSION = YES;
				CLANG_WARN_OBJC_IMPLICIT_RETAIN_SELF = YES;
				CLANG_WARN_OBJC_LITERAL_CONVERSION = YES;
				CLANG_WARN_OBJC_ROOT_CLASS = YES_ERROR;
				CLANG_WARN_QUOTED_INCLUDE_IN_FRAMEWORK_HEADER = YES;
				CLANG_WARN_RANGE_LOOP_ANALYSIS = YES;
				CLANG_WARN_STRICT_PROTOTYPES = YES;
				CLANG_WARN_SUSPICIOUS_MOVE = YES;
				CLANG_WARN_UNGUARDED_AVAILABILITY = YES_AGGRESSIVE;
				CLANG_WARN_UNREACHABLE_CODE = YES;
				CLANG_WARN__DUPLICATE_METHOD_MATCH = YES;
				COPY_PHASE_STRIP = NO;
				DEBUG_INFORMATION_FORMAT = dwarf;
				ENABLE_STRICT_OBJC_MSGSEND = YES;
				ENABLE_TESTABILITY = YES;
				GCC_C_LANGUAGE_STANDARD = gnu11;
				GCC_DYNAMIC_NO_PIC = NO;
				GCC_NO_COMMON_BLOCKS = YES;
				GCC_OPTIMIZATION_LEVEL = 0;
				GCC_PREPROCESSOR_DEFINITIONS = (
					"DEBUG=1",
					"$(inherited)",
				);
				GCC_WARN_64_TO_32_BIT_CONVERSION = YES;
				GCC_WARN_ABOUT_RETURN_TYPE = YES_ERROR;
				GCC_WARN_UNDECLARED_SELECTOR = YES;
				GCC_WARN_UNINITIALIZED_AUTOS = YES_AGGRESSIVE;
				GCC_WARN_UNUSED_FUNCTION = YES;
				GCC_WARN_UNUSED_VARIABLE = YES;
				MACOSX_DEPLOYMENT_TARGET = 12.3;
				MTL_ENABLE_DEBUG_INFO = INCLUDE_SOURCE;
				MTL_FAST_MATH = YES;
				ONLY_ACTIVE_ARCH = YES;
				SDKROOT = macosx;
				SWIFT_ACTIVE_COMPILATION_CONDITIONS = DEBUG;
				SWIFT_OPTIMIZATION_LEVEL = "-Onone";
			};
			name = Debug;
		};
		F2703EA6282027030016D96C /* Release */ = {
			isa = XCBuildConfiguration;
			buildSettings = {
				ALWAYS_SEARCH_USER_PATHS = NO;
				CLANG_ANALYZER_NONNULL = YES;
				CLANG_ANALYZER_NUMBER_OBJECT_CONVERSION = YES_AGGRESSIVE;
				CLANG_CXX_LANGUAGE_STANDARD = "gnu++17";
				CLANG_ENABLE_MODULES = YES;
				CLANG_ENABLE_OBJC_ARC = YES;
				CLANG_ENABLE_OBJC_WEAK = YES;
				CLANG_WARN_BLOCK_CAPTURE_AUTORELEASING = YES;
				CLANG_WARN_BOOL_CONVERSION = YES;
				CLANG_WARN_COMMA = YES;
				CLANG_WARN_CONSTANT_CONVERSION = YES;
				CLANG_WARN_DEPRECATED_OBJC_IMPLEMENTATIONS = YES;
				CLANG_WARN_DIRECT_OBJC_ISA_USAGE = YES_ERROR;
				CLANG_WARN_DOCUMENTATION_COMMENTS = YES;
				CLANG_WARN_EMPTY_BODY = YES;
				CLANG_WARN_ENUM_CONVERSION = YES;
				CLANG_WARN_INFINITE_RECURSION = YES;
				CLANG_WARN_INT_CONVERSION = YES;
				CLANG_WARN_NON_LITERAL_NULL_CONVERSION = YES;
				CLANG_WARN_OBJC_IMPLICIT_RETAIN_SELF = YES;
				CLANG_WARN_OBJC_LITERAL_CONVERSION = YES;
				CLANG_WARN_OBJC_ROOT_CLASS = YES_ERROR;
				CLANG_WARN_QUOTED_INCLUDE_IN_FRAMEWORK_HEADER = YES;
				CLANG_WARN_RANGE_LOOP_ANALYSIS = YES;
				CLANG_WARN_STRICT_PROTOTYPES = YES;
				CLANG_WARN_SUSPICIOUS_MOVE = YES;
				CLANG_WARN_UNGUARDED_AVAILABILITY = YES_AGGRESSIVE;
				CLANG_WARN_UNREACHABLE_CODE = YES;
				CLANG_WARN__DUPLICATE_METHOD_MATCH = YES;
				COPY_PHASE_STRIP = NO;
				DEBUG_INFORMATION_FORMAT = "dwarf-with-dsym";
				ENABLE_NS_ASSERTIONS = NO;
				ENABLE_STRICT_OBJC_MSGSEND = YES;
				GCC_C_LANGUAGE_STANDARD = gnu11;
				GCC_NO_COMMON_BLOCKS = YES;
				GCC_WARN_64_TO_32_BIT_CONVERSION = YES;
				GCC_WARN_ABOUT_RETURN_TYPE = YES_ERROR;
				GCC_WARN_UNDECLARED_SELECTOR = YES;
				GCC_WARN_UNINITIALIZED_AUTOS = YES_AGGRESSIVE;
				GCC_WARN_UNUSED_FUNCTION = YES;
				GCC_WARN_UNUSED_VARIABLE = YES;
				MACOSX_DEPLOYMENT_TARGET = 12.3;
				MTL_ENABLE_DEBUG_INFO = NO;
				MTL_FAST_MATH = YES;
				SDKROOT = macosx;
				SWIFT_COMPILATION_MODE = wholemodule;
				SWIFT_OPTIMIZATION_LEVEL = "-O";
			};
			name = Release;
		};
		F2703EA8282027030016D96C /* Debug */ = {
			isa = XCBuildConfiguration;
			buildSettings = {
				CODE_SIGN_STYLE = Automatic;
				DEVELOPMENT_TEAM = 3KH9959JHW;
				ENABLE_HARDENED_RUNTIME = YES;
				PRODUCT_NAME = "$(TARGET_NAME)";
				SWIFT_VERSION = 5.0;
			};
			name = Debug;
		};
		F2703EA9282027030016D96C /* Release */ = {
			isa = XCBuildConfiguration;
			buildSettings = {
				CODE_SIGN_STYLE = Automatic;
				DEVELOPMENT_TEAM = 3KH9959JHW;
				ENABLE_HARDENED_RUNTIME = YES;
				PRODUCT_NAME = "$(TARGET_NAME)";
				SWIFT_VERSION = 5.0;
			};
			name = Release;
		};
		F2C207F22823A814000E5876 /* Debug */ = {
			isa = XCBuildConfiguration;
			buildSettings = {
				CODE_SIGN_STYLE = Automatic;
				CURRENT_PROJECT_VERSION = 1;
				DEVELOPMENT_TEAM = 3KH9959JHW;
				GENERATE_INFOPLIST_FILE = YES;
				MARKETING_VERSION = 1.0;
				PRODUCT_BUNDLE_IDENTIFIER = VLIW470.VLIW470UnitTests;
				PRODUCT_NAME = "$(TARGET_NAME)";
				SWIFT_EMIT_LOC_STRINGS = NO;
				SWIFT_VERSION = 5.0;
			};
			name = Debug;
		};
		F2C207F32823A814000E5876 /* Release */ = {
			isa = XCBuildConfiguration;
			buildSettings = {
				CODE_SIGN_STYLE = Automatic;
				CURRENT_PROJECT_VERSION = 1;
				DEVELOPMENT_TEAM = 3KH9959JHW;
				GENERATE_INFOPLIST_FILE = YES;
				MARKETING_VERSION = 1.0;
				PRODUCT_BUNDLE_IDENTIFIER = VLIW470.VLIW470UnitTests;
				PRODUCT_NAME = "$(TARGET_NAME)";
				SWIFT_EMIT_LOC_STRINGS = NO;
				SWIFT_VERSION = 5.0;
			};
			name = Release;
		};
/* End XCBuildConfiguration section */

/* Begin XCConfigurationList section */
		F2703E9B282027020016D96C /* Build configuration list for PBXProject "VLIW470" */ = {
			isa = XCConfigurationList;
			buildConfigurations = (
				F2703EA5282027030016D96C /* Debug */,
				F2703EA6282027030016D96C /* Release */,
			);
			defaultConfigurationIsVisible = 0;
			defaultConfigurationName = Release;
		};
		F2703EA7282027030016D96C /* Build configuration list for PBXNativeTarget "VLIW470" */ = {
			isa = XCConfigurationList;
			buildConfigurations = (
				F2703EA8282027030016D96C /* Debug */,
				F2703EA9282027030016D96C /* Release */,
			);
			defaultConfigurationIsVisible = 0;
			defaultConfigurationName = Release;
		};
		F2C207F12823A814000E5876 /* Build configuration list for PBXNativeTarget "VLIW470UnitTests" */ = {
			isa = XCConfigurationList;
			buildConfigurations = (
				F2C207F22823A814000E5876 /* Debug */,
				F2C207F32823A814000E5876 /* Release */,
			);
			defaultConfigurationIsVisible = 0;
			defaultConfigurationName = Release;
		};
/* End XCConfigurationList section */

/* Begin XCRemoteSwiftPackageReference section */
		F208071E2822AF7000CBBC63 /* XCRemoteSwiftPackageReference "swift-algorithms" */ = {
			isa = XCRemoteSwiftPackageReference;
			repositoryURL = "https://github.com/apple/swift-algorithms.git";
			requirement = {
				kind = upToNextMajorVersion;
				minimumVersion = 1.0.0;
			};
		};
/* End XCRemoteSwiftPackageReference section */

/* Begin XCSwiftPackageProductDependency section */
		F208071F2822AF7000CBBC63 /* Algorithms */ = {
			isa = XCSwiftPackageProductDependency;
			package = F208071E2822AF7000CBBC63 /* XCRemoteSwiftPackageReference "swift-algorithms" */;
			productName = Algorithms;
		};
/* End XCSwiftPackageProductDependency section */
	};
	rootObject = F2703E98282027020016D96C /* Project object */;
}
